
Microsoft Visual Studio Solution File, Format Version 12.00
# Visual Studio 15
VisualStudioVersion = 15.0.26124.0
MinimumVisualStudioVersion = 15.0.26124.0
Project("{FAE04EC0-301F-11D3-BF4B-00C04F79EFBC}") = "Isen.DotNet.Library", "Isen.DotNet.Library\Isen.DotNet.Library.csproj", "{06BED4A7-D407-440B-B105-DC24EE162E0F}"
EndProject
Project("{FAE04EC0-301F-11D3-BF4B-00C04F79EFBC}") = "Isen.DotNet.ConsoleApp", "Isen.DotNet.ConsoleApp\Isen.DotNet.ConsoleApp.csproj", "{C85C29C3-1AC0-49DA-83F9-3D442B3D7019}"
EndProject
Project("{FAE04EC0-301F-11D3-BF4B-00C04F79EFBC}") = "Isen.DotNet.Tests", "Isen.DotNet.Tests\Isen.DotNet.Tests.csproj", "{C15FF6E7-F2BB-4A59-810E-20E164B4750D}"
EndProject
Project("{FAE04EC0-301F-11D3-BF4B-00C04F79EFBC}") = "Isen.DotNet.Web", "Isen.DotNet.Web\Isen.DotNet.Web.csproj", "{279FA057-EAFF-41A0-992C-7DE77666846D}"
EndProject
Global
	GlobalSection(SolutionConfigurationPlatforms) = preSolution
		Debug|Any CPU = Debug|Any CPU
		Debug|x64 = Debug|x64
		Debug|x86 = Debug|x86
		Release|Any CPU = Release|Any CPU
		Release|x64 = Release|x64
		Release|x86 = Release|x86
	EndGlobalSection
	GlobalSection(SolutionProperties) = preSolution
		HideSolutionNode = FALSE
	EndGlobalSection
	GlobalSection(ProjectConfigurationPlatforms) = postSolution
		{06BED4A7-D407-440B-B105-DC24EE162E0F}.Debug|Any CPU.ActiveCfg = Debug|Any CPU
		{06BED4A7-D407-440B-B105-DC24EE162E0F}.Debug|Any CPU.Build.0 = Debug|Any CPU
		{06BED4A7-D407-440B-B105-DC24EE162E0F}.Debug|x64.ActiveCfg = Debug|x64
		{06BED4A7-D407-440B-B105-DC24EE162E0F}.Debug|x64.Build.0 = Debug|x64
		{06BED4A7-D407-440B-B105-DC24EE162E0F}.Debug|x86.ActiveCfg = Debug|x86
		{06BED4A7-D407-440B-B105-DC24EE162E0F}.Debug|x86.Build.0 = Debug|x86
		{06BED4A7-D407-440B-B105-DC24EE162E0F}.Release|Any CPU.ActiveCfg = Release|Any CPU
		{06BED4A7-D407-440B-B105-DC24EE162E0F}.Release|Any CPU.Build.0 = Release|Any CPU
		{06BED4A7-D407-440B-B105-DC24EE162E0F}.Release|x64.ActiveCfg = Release|x64
		{06BED4A7-D407-440B-B105-DC24EE162E0F}.Release|x64.Build.0 = Release|x64
		{06BED4A7-D407-440B-B105-DC24EE162E0F}.Release|x86.ActiveCfg = Release|x86
		{06BED4A7-D407-440B-B105-DC24EE162E0F}.Release|x86.Build.0 = Release|x86
		{C85C29C3-1AC0-49DA-83F9-3D442B3D7019}.Debug|Any CPU.ActiveCfg = Debug|Any CPU
		{C85C29C3-1AC0-49DA-83F9-3D442B3D7019}.Debug|Any CPU.Build.0 = Debug|Any CPU
		{C85C29C3-1AC0-49DA-83F9-3D442B3D7019}.Debug|x64.ActiveCfg = Debug|x64
		{C85C29C3-1AC0-49DA-83F9-3D442B3D7019}.Debug|x64.Build.0 = Debug|x64
		{C85C29C3-1AC0-49DA-83F9-3D442B3D7019}.Debug|x86.ActiveCfg = Debug|x86
		{C85C29C3-1AC0-49DA-83F9-3D442B3D7019}.Debug|x86.Build.0 = Debug|x86
		{C85C29C3-1AC0-49DA-83F9-3D442B3D7019}.Release|Any CPU.ActiveCfg = Release|Any CPU
		{C85C29C3-1AC0-49DA-83F9-3D442B3D7019}.Release|Any CPU.Build.0 = Release|Any CPU
		{C85C29C3-1AC0-49DA-83F9-3D442B3D7019}.Release|x64.ActiveCfg = Release|x64
		{C85C29C3-1AC0-49DA-83F9-3D442B3D7019}.Release|x64.Build.0 = Release|x64
		{C85C29C3-1AC0-49DA-83F9-3D442B3D7019}.Release|x86.ActiveCfg = Release|x86
		{C85C29C3-1AC0-49DA-83F9-3D442B3D7019}.Release|x86.Build.0 = Release|x86
		{C15FF6E7-F2BB-4A59-810E-20E164B4750D}.Debug|Any CPU.ActiveCfg = Debug|Any CPU
		{C15FF6E7-F2BB-4A59-810E-20E164B4750D}.Debug|Any CPU.Build.0 = Debug|Any CPU
		{C15FF6E7-F2BB-4A59-810E-20E164B4750D}.Debug|x64.ActiveCfg = Debug|x64
		{C15FF6E7-F2BB-4A59-810E-20E164B4750D}.Debug|x64.Build.0 = Debug|x64
		{C15FF6E7-F2BB-4A59-810E-20E164B4750D}.Debug|x86.ActiveCfg = Debug|x86
		{C15FF6E7-F2BB-4A59-810E-20E164B4750D}.Debug|x86.Build.0 = Debug|x86
		{C15FF6E7-F2BB-4A59-810E-20E164B4750D}.Release|Any CPU.ActiveCfg = Release|Any CPU
		{C15FF6E7-F2BB-4A59-810E-20E164B4750D}.Release|Any CPU.Build.0 = Release|Any CPU
		{C15FF6E7-F2BB-4A59-810E-20E164B4750D}.Release|x64.ActiveCfg = Release|x64
		{C15FF6E7-F2BB-4A59-810E-20E164B4750D}.Release|x64.Build.0 = Release|x64
		{C15FF6E7-F2BB-4A59-810E-20E164B4750D}.Release|x86.ActiveCfg = Release|x86
		{C15FF6E7-F2BB-4A59-810E-20E164B4750D}.Release|x86.Build.0 = Release|x86
		{279FA057-EAFF-41A0-992C-7DE77666846D}.Debug|Any CPU.ActiveCfg = Debug|Any CPU
		{279FA057-EAFF-41A0-992C-7DE77666846D}.Debug|Any CPU.Build.0 = Debug|Any CPU
		{279FA057-EAFF-41A0-992C-7DE77666846D}.Debug|x64.ActiveCfg = Debug|x64
		{279FA057-EAFF-41A0-992C-7DE77666846D}.Debug|x64.Build.0 = Debug|x64
		{279FA057-EAFF-41A0-992C-7DE77666846D}.Debug|x86.ActiveCfg = Debug|x86
		{279FA057-EAFF-41A0-992C-7DE77666846D}.Debug|x86.Build.0 = Debug|x86
		{279FA057-EAFF-41A0-992C-7DE77666846D}.Release|Any CPU.ActiveCfg = Release|Any CPU
		{279FA057-EAFF-41A0-992C-7DE77666846D}.Release|Any CPU.Build.0 = Release|Any CPU
		{279FA057-EAFF-41A0-992C-7DE77666846D}.Release|x64.ActiveCfg = Release|x64
		{279FA057-EAFF-41A0-992C-7DE77666846D}.Release|x64.Build.0 = Release|x64
		{279FA057-EAFF-41A0-992C-7DE77666846D}.Release|x86.ActiveCfg = Release|x86
		{279FA057-EAFF-41A0-992C-7DE77666846D}.Release|x86.Build.0 = Release|x86
	EndGlobalSection
EndGlobal
